
Microsoft Visual Studio Solution File, Format Version 12.00
# Visual Studio Version 16
VisualStudioVersion = 16.0.30413.136
MinimumVisualStudioVersion = 10.0.40219.1
Project("{FAE04EC0-301F-11D3-BF4B-00C04F79EFBC}") = "Figures", "Figures\Figures.csproj", "{6FA01E5B-F695-49DA-8DC2-7B0487DED86C}"
EndProject
Project("{FAE04EC0-301F-11D3-BF4B-00C04F79EFBC}") = "FiguresTests", "FiguresTests\FiguresTests.csproj", "{29BA1D3F-1AD0-4826-801B-20E0ABA2C29C}"
EndProject
Global
	GlobalSection(SolutionConfigurationPlatforms) = preSolution
		Debug|Any CPU = Debug|Any CPU
		Release|Any CPU = Release|Any CPU
	EndGlobalSection
	GlobalSection(ProjectConfigurationPlatforms) = postSolution
		{6FA01E5B-F695-49DA-8DC2-7B0487DED86C}.Debug|Any CPU.ActiveCfg = Debug|Any CPU
		{6FA01E5B-F695-49DA-8DC2-7B0487DED86C}.Debug|Any CPU.Build.0 = Debug|Any CPU
		{6FA01E5B-F695-49DA-8DC2-7B0487DED86C}.Release|Any CPU.ActiveCfg = Release|Any CPU
		{6FA01E5B-F695-49DA-8DC2-7B0487DED86C}.Release|Any CPU.Build.0 = Release|Any CPU
		{29BA1D3F-1AD0-4826-801B-20E0ABA2C29C}.Debug|Any CPU.ActiveCfg = Debug|Any CPU
		{29BA1D3F-1AD0-4826-801B-20E0ABA2C29C}.Debug|Any CPU.Build.0 = Debug|Any CPU
		{29BA1D3F-1AD0-4826-801B-20E0ABA2C29C}.Release|Any CPU.ActiveCfg = Release|Any CPU
		{29BA1D3F-1AD0-4826-801B-20E0ABA2C29C}.Release|Any CPU.Build.0 = Release|Any CPU
	EndGlobalSection
	GlobalSection(SolutionProperties) = preSolution
		HideSolutionNode = FALSE
	EndGlobalSection
	GlobalSection(ExtensibilityGlobals) = postSolution
		SolutionGuid = {5483A57A-4DE1-4335-B815-C4FDD87A44FA}
	EndGlobalSection
EndGlobal
